{
  "name": "@managedkaos/simple-javascript-function",
  "version": "1.0.0",
  "lockfileVersion": 2,
  "requires": true,
  "packages": {
    "": {
      "name": "@managedkaos/simple-javascript-function",
      "version": "1.0.0",
      "license": "ISC",
      "dependencies": {
        "@managedkaos/simple-javascript-function": "^1.0.0"
      }
    },
    "node_modules/@managedkaos/simple-javascript-function": {
      "version": "1.0.0",
      "resolved": "https://npm.pkg.github.com/download/@managedkaos/simple-javascript-function/1.0.0/f29c6f381bd0bb798a14954585972c5ef3acab46cf8eb4c1d2839e81cd357b90",
      "integrity": "sha512-ru/XR05EIyHVtcQ3EXz70jpLDoMNWX7uVb0mqY59A8vthzGkBI1IN7I97Ud+i5PObPpHN5zrOOtuAQ4to6wLbw==",
      "license": "ISC"
    }
  },
  "dependencies": {
    "@managedkaos/simple-javascript-function": {
      "version": "1.0.0",
      "resolved": "https://npm.pkg.github.com/download/@managedkaos/simple-javascript-function/1.0.0/f29c6f381bd0bb798a14954585972c5ef3acab46cf8eb4c1d2839e81cd357b90",
      "integrity": "sha512-ru/XR05EIyHVtcQ3EXz70jpLDoMNWX7uVb0mqY59A8vthzGkBI1IN7I97Ud+i5PObPpHN5zrOOtuAQ4to6wLbw=="
    }
  }
}
